
Microsoft Visual Studio Solution File, Format Version 12.00
# Visual Studio Version 17
VisualStudioVersion = 17.3.32901.215
MinimumVisualStudioVersion = 10.0.40219.1
Project("{FAE04EC0-301F-11D3-BF4B-00C04F79EFBC}") = "CORE", "CORE\CORE.csproj", "{F2E5A940-B59D-420E-B532-F86ECE472682}"
EndProject
Project("{FAE04EC0-301F-11D3-BF4B-00C04F79EFBC}") = "DATAACCESS", "DATAACCESS\DATAACCESS.csproj", "{7A73DCF8-7049-486A-9061-56D53BE05694}"
EndProject
Project("{FAE04EC0-301F-11D3-BF4B-00C04F79EFBC}") = "ENTITIES", "ENTITIES\ENTITIES.csproj", "{B11C481F-F0AE-4E3F-9A68-D0F881038523}"
EndProject
Project("{FAE04EC0-301F-11D3-BF4B-00C04F79EFBC}") = "API", "API\API.csproj", "{88959BB3-E3CD-4A41-A341-1AD1B4E13C79}"
EndProject
Project("{FAE04EC0-301F-11D3-BF4B-00C04F79EFBC}") = "UI", "UI\UI.csproj", "{5E6EB9EA-B18A-49DA-8913-D0334738F75C}"
EndProject
Global
	GlobalSection(SolutionConfigurationPlatforms) = preSolution
		Debug|Any CPU = Debug|Any CPU
		Release|Any CPU = Release|Any CPU
	EndGlobalSection
	GlobalSection(ProjectConfigurationPlatforms) = postSolution
		{F2E5A940-B59D-420E-B532-F86ECE472682}.Debug|Any CPU.ActiveCfg = Debug|Any CPU
		{F2E5A940-B59D-420E-B532-F86ECE472682}.Debug|Any CPU.Build.0 = Debug|Any CPU
		{F2E5A940-B59D-420E-B532-F86ECE472682}.Release|Any CPU.ActiveCfg = Release|Any CPU
		{F2E5A940-B59D-420E-B532-F86ECE472682}.Release|Any CPU.Build.0 = Release|Any CPU
		{7A73DCF8-7049-486A-9061-56D53BE05694}.Debug|Any CPU.ActiveCfg = Debug|Any CPU
		{7A73DCF8-7049-486A-9061-56D53BE05694}.Debug|Any CPU.Build.0 = Debug|Any CPU
		{7A73DCF8-7049-486A-9061-56D53BE05694}.Release|Any CPU.ActiveCfg = Release|Any CPU
		{7A73DCF8-7049-486A-9061-56D53BE05694}.Release|Any CPU.Build.0 = Release|Any CPU
		{B11C481F-F0AE-4E3F-9A68-D0F881038523}.Debug|Any CPU.ActiveCfg = Debug|Any CPU
		{B11C481F-F0AE-4E3F-9A68-D0F881038523}.Debug|Any CPU.Build.0 = Debug|Any CPU
		{B11C481F-F0AE-4E3F-9A68-D0F881038523}.Release|Any CPU.ActiveCfg = Release|Any CPU
		{B11C481F-F0AE-4E3F-9A68-D0F881038523}.Release|Any CPU.Build.0 = Release|Any CPU
		{88959BB3-E3CD-4A41-A341-1AD1B4E13C79}.Debug|Any CPU.ActiveCfg = Debug|Any CPU
		{88959BB3-E3CD-4A41-A341-1AD1B4E13C79}.Debug|Any CPU.Build.0 = Debug|Any CPU
		{88959BB3-E3CD-4A41-A341-1AD1B4E13C79}.Release|Any CPU.ActiveCfg = Release|Any CPU
		{88959BB3-E3CD-4A41-A341-1AD1B4E13C79}.Release|Any CPU.Build.0 = Release|Any CPU
		{5E6EB9EA-B18A-49DA-8913-D0334738F75C}.Debug|Any CPU.ActiveCfg = Debug|Any CPU
		{5E6EB9EA-B18A-49DA-8913-D0334738F75C}.Debug|Any CPU.Build.0 = Debug|Any CPU
		{5E6EB9EA-B18A-49DA-8913-D0334738F75C}.Release|Any CPU.ActiveCfg = Release|Any CPU
		{5E6EB9EA-B18A-49DA-8913-D0334738F75C}.Release|Any CPU.Build.0 = Release|Any CPU
	EndGlobalSection
	GlobalSection(SolutionProperties) = preSolution
		HideSolutionNode = FALSE
	EndGlobalSection
	GlobalSection(ExtensibilityGlobals) = postSolution
		SolutionGuid = {72402A59-52D5-4EDB-B229-ACBF57D06F06}
	EndGlobalSection
EndGlobal
